github.com/Rodoben/dog v0.0.0-20230708161947-56e35929095b h1:0UwHObeq1f4GlfYDwhQtBUKKbMVkMVOhEwtrCZ7Y2/U=
github.com/Rodoben/dog v0.0.0-20230708161947-56e35929095b/go.mod h1:FG2KEBDLuMYJNyjrXRdQoSA8px/a7x3pA06HuegC7Y0=
github.com/Rodoben/dog v0.0.0-20230708163034-baad5d4a7bcb h1:QTIt9B6xvJTW5hH7NE6yucVP3SXEIVr8HPFwOg+U4tQ=
github.com/Rodoben/dog v0.0.0-20230708163034-baad5d4a7bcb/go.mod h1:FG2KEBDLuMYJNyjrXRdQoSA8px/a7x3pA06HuegC7Y0=
